
Microsoft Visual Studio Solution File, Format Version 9.00
# Visual Studio 2005
Project("{8BC9CEB8-8B4A-11D0-8D11-00A0C91BC942}") = "zDentalChart", "zDentalChart\zDentalChart.vcproj", "{9A61225E-FFF6-441D-90B1-43FA63C6421A}"
EndProject
Global
	GlobalSection(SolutionConfigurationPlatforms) = preSolution
		Debug|Win32 = Debug|Win32
		Release|Win32 = Release|Win32
	EndGlobalSection
	GlobalSection(ProjectConfigurationPlatforms) = postSolution
		{9A61225E-FFF6-441D-90B1-43FA63C6421A}.Debug|Win32.ActiveCfg = Debug|Win32
		{9A61225E-FFF6-441D-90B1-43FA63C6421A}.Debug|Win32.Build.0 = Debug|Win32
		{9A61225E-FFF6-441D-90B1-43FA63C6421A}.Release|Win32.ActiveCfg = Release|Win32
		{9A61225E-FFF6-441D-90B1-43FA63C6421A}.Release|Win32.Build.0 = Release|Win32
	EndGlobalSection
	GlobalSection(SolutionProperties) = preSolution
		HideSolutionNode = FALSE
	EndGlobalSection
EndGlobal
